
Microsoft Visual Studio Solution File, Format Version 12.00
# Visual Studio Version 17
VisualStudioVersion = 17.6.33829.357
MinimumVisualStudioVersion = 10.0.40219.1
Project("{9A19103F-16F7-4668-BE54-9A1E7A4F7556}") = "BllSearchInTanach", "BllSearchInTanach\BllSearchInTanach.csproj", "{A92516C1-1DA6-40AD-9DB8-9436E02CAD3F}"
EndProject
Project("{9A19103F-16F7-4668-BE54-9A1E7A4F7556}") = "DalSearchInTanach", "DalSearchInTanach\DalSearchInTanach.csproj", "{1AEDDE1C-477F-4430-9352-9062ECD078B4}"
EndProject
Project("{9A19103F-16F7-4668-BE54-9A1E7A4F7556}") = "DllUiUx", "DllUiUx\DllUiUx.csproj", "{8B9313F9-5C93-4A68-B506-7C0B86E2D9E5}"
EndProject
Project("{9A19103F-16F7-4668-BE54-9A1E7A4F7556}") = "Enteties_Dto", "..\Enteties_Dto\Enteties_Dto.csproj", "{D30016A0-0848-4237-AFE2-AC10CBD65FA4}"
EndProject
Project("{9A19103F-16F7-4668-BE54-9A1E7A4F7556}") = "Gui_Ui PL", "Gui_Ui PL\Gui_Ui PL.csproj", "{A0A71064-D43B-4951-A5C6-F1674217333F}"
EndProject
Global
	GlobalSection(SolutionConfigurationPlatforms) = preSolution
		Debug|Any CPU = Debug|Any CPU
		Release|Any CPU = Release|Any CPU
	EndGlobalSection
	GlobalSection(ProjectConfigurationPlatforms) = postSolution
		{A92516C1-1DA6-40AD-9DB8-9436E02CAD3F}.Debug|Any CPU.ActiveCfg = Debug|Any CPU
		{A92516C1-1DA6-40AD-9DB8-9436E02CAD3F}.Debug|Any CPU.Build.0 = Debug|Any CPU
		{A92516C1-1DA6-40AD-9DB8-9436E02CAD3F}.Release|Any CPU.ActiveCfg = Release|Any CPU
		{A92516C1-1DA6-40AD-9DB8-9436E02CAD3F}.Release|Any CPU.Build.0 = Release|Any CPU
		{1AEDDE1C-477F-4430-9352-9062ECD078B4}.Debug|Any CPU.ActiveCfg = Debug|Any CPU
		{1AEDDE1C-477F-4430-9352-9062ECD078B4}.Debug|Any CPU.Build.0 = Debug|Any CPU
		{1AEDDE1C-477F-4430-9352-9062ECD078B4}.Release|Any CPU.ActiveCfg = Release|Any CPU
		{1AEDDE1C-477F-4430-9352-9062ECD078B4}.Release|Any CPU.Build.0 = Release|Any CPU
		{8B9313F9-5C93-4A68-B506-7C0B86E2D9E5}.Debug|Any CPU.ActiveCfg = Debug|Any CPU
		{8B9313F9-5C93-4A68-B506-7C0B86E2D9E5}.Debug|Any CPU.Build.0 = Debug|Any CPU
		{8B9313F9-5C93-4A68-B506-7C0B86E2D9E5}.Release|Any CPU.ActiveCfg = Release|Any CPU
		{8B9313F9-5C93-4A68-B506-7C0B86E2D9E5}.Release|Any CPU.Build.0 = Release|Any CPU
		{D30016A0-0848-4237-AFE2-AC10CBD65FA4}.Debug|Any CPU.ActiveCfg = Debug|Any CPU
		{D30016A0-0848-4237-AFE2-AC10CBD65FA4}.Debug|Any CPU.Build.0 = Debug|Any CPU
		{D30016A0-0848-4237-AFE2-AC10CBD65FA4}.Release|Any CPU.ActiveCfg = Release|Any CPU
		{D30016A0-0848-4237-AFE2-AC10CBD65FA4}.Release|Any CPU.Build.0 = Release|Any CPU
		{A0A71064-D43B-4951-A5C6-F1674217333F}.Debug|Any CPU.ActiveCfg = Debug|Any CPU
		{A0A71064-D43B-4951-A5C6-F1674217333F}.Debug|Any CPU.Build.0 = Debug|Any CPU
		{A0A71064-D43B-4951-A5C6-F1674217333F}.Release|Any CPU.ActiveCfg = Release|Any CPU
		{A0A71064-D43B-4951-A5C6-F1674217333F}.Release|Any CPU.Build.0 = Release|Any CPU
	EndGlobalSection
	GlobalSection(SolutionProperties) = preSolution
		HideSolutionNode = FALSE
	EndGlobalSection
	GlobalSection(ExtensibilityGlobals) = postSolution
		SolutionGuid = {6AB78C23-CD37-45E9-8EF2-20670F09B678}
	EndGlobalSection
EndGlobal
